
Microsoft Visual Studio Solution File, Format Version 12.00
# Visual Studio 15
VisualStudioVersion = 15.0.27130.2027
MinimumVisualStudioVersion = 10.0.40219.1
Project("{FAE04EC0-301F-11D3-BF4B-00C04F79EFBC}") = "MTGDeckBuilder", "MTGDeckBuilder\MTGDeckBuilder.csproj", "{0B6406AF-7A55-4C9C-85CE-38C64AEF8A73}"
EndProject
Global
	GlobalSection(SolutionConfigurationPlatforms) = preSolution
		Debug|Any CPU = Debug|Any CPU
		Release|Any CPU = Release|Any CPU
	EndGlobalSection
	GlobalSection(ProjectConfigurationPlatforms) = postSolution
		{0B6406AF-7A55-4C9C-85CE-38C64AEF8A73}.Debug|Any CPU.ActiveCfg = Debug|Any CPU
		{0B6406AF-7A55-4C9C-85CE-38C64AEF8A73}.Debug|Any CPU.Build.0 = Debug|Any CPU
		{0B6406AF-7A55-4C9C-85CE-38C64AEF8A73}.Release|Any CPU.ActiveCfg = Release|Any CPU
		{0B6406AF-7A55-4C9C-85CE-38C64AEF8A73}.Release|Any CPU.Build.0 = Release|Any CPU
	EndGlobalSection
	GlobalSection(SolutionProperties) = preSolution
		HideSolutionNode = FALSE
	EndGlobalSection
	GlobalSection(ExtensibilityGlobals) = postSolution
		SolutionGuid = {EF00681D-33F4-4483-AC8C-7B6EC30A9F96}
	EndGlobalSection
EndGlobal
